// !$*UTF8*$!
{
	archiveVersion = 1;
	classes = {
	};
	objectVersion = 46;
	objects = {

/* Begin PBXBuildFile section */
		4BB3EB981DC0A4600038D5EB /* AppDelegate.swift in Sources */ = {isa = PBXBuildFile; fileRef = 4BB3EB971DC0A4600038D5EB /* AppDelegate.swift */; };
		4BB3EB9A1DC0A4600038D5EB /* ViewController.swift in Sources */ = {isa = PBXBuildFile; fileRef = 4BB3EB991DC0A4600038D5EB /* ViewController.swift */; };
		4BB3EB9D1DC0A4600038D5EB /* Main.storyboard in Resources */ = {isa = PBXBuildFile; fileRef = 4BB3EB9B1DC0A4600038D5EB /* Main.storyboard */; };
		4BB3EB9F1DC0A4600038D5EB /* Assets.xcassets in Resources */ = {isa = PBXBuildFile; fileRef = 4BB3EB9E1DC0A4600038D5EB /* Assets.xcassets */; };
		4BB3EBA21DC0A4600038D5EB /* LaunchScreen.storyboard in Resources */ = {isa = PBXBuildFile; fileRef = 4BB3EBA01DC0A4600038D5EB /* LaunchScreen.storyboard */; };
/* End PBXBuildFile section */

/* Begin PBXFileReference section */
		4BB3EB941DC0A4600038D5EB /* FirebaseDatabaseDemo.app */ = {isa = PBXFileReference; explicitFileType = wrapper.application; includeInIndex = 0; path = FirebaseDatabaseDemo.app; sourceTree = BUILT_PRODUCTS_DIR; };
		4BB3EB971DC0A4600038D5EB /* AppDelegate.swift */ = {isa = PBXFileReference; lastKnownFileType = sourcecode.swift; path = AppDelegate.swift; sourceTree = "<group>"; };
		4BB3EB991DC0A4600038D5EB /* ViewController.swift */ = {isa = PBXFileReference; lastKnownFileType = sourcecode.swift; path = ViewController.swift; sourceTree = "<group>"; };
		4BB3EB9C1DC0A4600038D5EB /* Base */ = {isa = PBXFileReference; lastKnownFileType = file.storyboard; name = Base; path = Base.lproj/Main.storyboard; sourceTree = "<group>"; };
		4BB3EB9E1DC0A4600038D5EB /* Assets.xcassets */ = {isa = PBXFileReference; lastKnownFileType = folder.assetcatalog; path = Assets.xcassets; sourceTree = "<group>"; };
		4BB3EBA11DC0A4600038D5EB /* Base */ = {isa = PBXFileReference; lastKnownFileType = file.storyboard; name = Base; path = Base.lproj/LaunchScreen.storyboard; sourceTree = "<group>"; };
		4BB3EBA31DC0A4610038D5EB /* Info.plist */ = {isa = PBXFileReference; lastKnownFileType = text.plist.xml; path = Info.plist; sourceTree = "<group>"; };
/* End PBXFileReference section */

/* Begin PBXFrameworksBuildPhase section */
		4BB3EB911DC0A4600038D5EB /* Frameworks */ = {
			isa = PBXFrameworksBuildPhase;
			buildActionMask = 2147483647;
			files = (
			);
			runOnlyForDeploymentPostprocessing = 0;
		};
/* End PBXFrameworksBuildPhase section */

/* Begin PBXGroup section */
		4BB3EB8B1DC0A4600038D5EB = {
			isa = PBXGroup;
			children = (
				4BB3EB961DC0A4600038D5EB /* FirebaseDatabaseDemo */,
				4BB3EB951DC0A4600038D5EB /* Products */,
			);
			sourceTree = "<group>";
		};
		4BB3EB951DC0A4600038D5EB /* Products */ = {
			isa = PBXGroup;
			children = (
				4BB3EB941DC0A4600038D5EB /* FirebaseDatabaseDemo.app */,
			);
			name = Products;
			sourceTree = "<group>";
		};
		4BB3EB961DC0A4600038D5EB /* FirebaseDatabaseDemo */ = {
			isa = PBXGroup;
			children = (
				4BB3EB971DC0A4600038D5EB /* AppDelegate.swift */,
				4BB3EB991DC0A4600038D5EB /* ViewController.swift */,
				4BB3EB9B1DC0A4600038D5EB /* Main.storyboard */,
				4BB3EB9E1DC0A4600038D5EB /* Assets.xcassets */,
				4BB3EBA01DC0A4600038D5EB /* LaunchScreen.storyboard */,
				4BB3EBA31DC0A4610038D5EB /* Info.plist */,
			);
			path = FirebaseDatabaseDemo;
			sourceTree = "<group>";
		};
/* End PBXGroup section */

/* Begin PBXNativeTarget section */
		4BB3EB931DC0A4600038D5EB /* FirebaseDatabaseDemo */ = {
			isa = PBXNativeTarget;
			buildConfigurationList = 4BB3EBA61DC0A4610038D5EB /* Build configuration list for PBXNativeTarget "FirebaseDatabaseDemo" */;
			buildPhases = (
				4BB3EB901DC0A4600038D5EB /* Sources */,
				4BB3EB911DC0A4600038D5EB /* Frameworks */,
				4BB3EB921DC0A4600038D5EB /* Resources */,
			);
			buildRules = (
			);
			dependencies = (
			);
			name = FirebaseDatabaseDemo;
			productName = FirebaseDatabaseDemo;
			productReference = 4BB3EB941DC0A4600038D5EB /* FirebaseDatabaseDemo.app */;
			productType = "com.apple.product-type.application";
		};
/* End PBXNativeTarget section */

/* Begin PBXProject section */
		4BB3EB8C1DC0A4600038D5EB /* Project object */ = {
			isa = PBXProject;
			attributes = {
				LastSwiftUpdateCheck = 0800;
				LastUpgradeCheck = 0800;
				ORGANIZATIONNAME = Sgmedical;
				TargetAttributes = {
					4BB3EB931DC0A4600038D5EB = {
						CreatedOnToolsVersion = 8.0;
						DevelopmentTeam = WTE562C6VP;
						ProvisioningStyle = Automatic;
					};
				};
			};
			buildConfigurationList = 4BB3EB8F1DC0A4600038D5EB /* Build configuration list for PBXProject "FirebaseDatabaseDemo" */;
			compatibilityVersion = "Xcode 3.2";
			developmentRegion = English;
			hasScannedForEncodings = 0;
			knownRegions = (
				en,
				Base,
			);
			mainGroup = 4BB3EB8B1DC0A4600038D5EB;
			productRefGroup = 4BB3EB951DC0A4600038D5EB /* Products */;
			projectDirPath = "";
			projectRoot = "";
			targets = (
				4BB3EB931DC0A4600038D5EB /* FirebaseDatabaseDemo */,
			);
		};
/* End PBXProject section */

/* Begin PBXResourcesBuildPhase section */
		4BB3EB921DC0A4600038D5EB /* Resources */ = {
			isa = PBXResourcesBuildPhase;
			buildActionMask = 2147483647;
			files = (
				4BB3EBA21DC0A4600038D5EB /* LaunchScreen.storyboard in Resources */,
				4BB3EB9F1DC0A4600038D5EB /* Assets.xcassets in Resources */,
				4BB3EB9D1DC0A4600038D5EB /* Main.storyboard in Resources */,
			);
			runOnlyForDeploymentPostprocessing = 0;
		};
/* End PBXResourcesBuildPhase section */

/* Begin PBXSourcesBuildPhase section */
		4BB3EB901DC0A4600038D5EB /* Sources */ = {
			isa = PBXSourcesBuildPhase;
			buildActionMask = 2147483647;
			files = (
				4BB3EB9A1DC0A4600038D5EB /* ViewController.swift in Sources */,
				4BB3EB981DC0A4600038D5EB /* AppDelegate.swift in Sources */,
			);
			runOnlyForDeploymentPostprocessing = 0;
		};
/* End PBXSourcesBuildPhase section */

/* Begin PBXVariantGroup section */
		4BB3EB9B1DC0A4600038D5EB /* Main.storyboard */ = {
			isa = PBXVariantGroup;
			children = (
				4BB3EB9C1DC0A4600038D5EB /* Base */,
			);
			name = Main.storyboard;
			sourceTree = "<group>";
		};
		4BB3EBA01DC0A4600038D5EB /* LaunchScreen.storyboard */ = {
			isa = PBXVariantGroup;
			children = (
				4BB3EBA11DC0A4600038D5EB /* Base */,
			);
			name = LaunchScreen.storyboard;
			sourceTree = "<group>";
		};
/* End PBXVariantGroup section */

/* Begin XCBuildConfiguration section */
		4BB3EBA41DC0A4610038D5EB /* Debug */ = {
			isa = XCBuildConfiguration;
			buildSettings = {
				ALWAYS_SEARCH_USER_PATHS = NO;
				CLANG_ANALYZER_NONNULL = YES;
				CLANG_CXX_LANGUAGE_STANDARD = "gnu++0x";
				CLANG_CXX_LIBRARY = "libc++";
				CLANG_ENABLE_MODULES = YES;
				CLANG_ENABLE_OBJC_ARC = YES;
				CLANG_WARN_BOOL_CONVERSION = YES;
				CLANG_WARN_CONSTANT_CONVERSION = YES;
				CLANG_WARN_DIRECT_OBJC_ISA_USAGE = YES_ERROR;
				CLANG_WARN_DOCUMENTATION_COMMENTS = YES;
				CLANG_WARN_EMPTY_BODY = YES;
				CLANG_WARN_ENUM_CONVERSION = YES;
				CLANG_WARN_INFINITE_RECURSION = YES;
				CLANG_WARN_INT_CONVERSION = YES;
				CLANG_WARN_OBJC_ROOT_CLASS = YES_ERROR;
				CLANG_WARN_SUSPICIOUS_MOVES = YES;
				CLANG_WARN_UNREACHABLE_CODE = YES;
				CLANG_WARN__DUPLICATE_METHOD_MATCH = YES;
				"CODE_SIGN_IDENTITY[sdk=iphoneos*]" = "iPhone Developer";
				COPY_PHASE_STRIP = NO;
				DEBUG_INFORMATION_FORMAT = dwarf;
				ENABLE_STRICT_OBJC_MSGSEND = YES;
				ENABLE_TESTABILITY = YES;
				GCC_C_LANGUAGE_STANDARD = gnu99;
				GCC_DYNAMIC_NO_PIC = NO;
				GCC_NO_COMMON_BLOCKS = YES;
				GCC_OPTIMIZATION_LEVEL = 0;
				GCC_PREPROCESSOR_DEFINITIONS = (
					"DEBUG=1",
					"$(inherited)",
				);
				GCC_WARN_64_TO_32_BIT_CONVERSION = YES;
				GCC_WARN_ABOUT_RETURN_TYPE = YES_ERROR;
				GCC_WARN_UNDECLARED_SELECTOR = YES;
				GCC_WARN_UNINITIALIZED_AUTOS = YES_AGGRESSIVE;
				GCC_WARN_UNUSED_FUNCTION = YES;
				GCC_WARN_UNUSED_VARIABLE = YES;
				IPHONEOS_DEPLOYMENT_TARGET = 10.0;
				MTL_ENABLE_DEBUG_INFO = YES;
				ONLY_ACTIVE_ARCH = YES;
				SDKROOT = iphoneos;
				SWIFT_ACTIVE_COMPILATION_CONDITIONS = DEBUG;
				SWIFT_OPTIMIZATION_LEVEL = "-Onone";
			};
			name = Debug;
		};
		4BB3EBA51DC0A4610038D5EB /* Release */ = {
			isa = XCBuildConfiguration;
			buildSettings = {
				ALWAYS_SEARCH_USER_PATHS = NO;
				CLANG_ANALYZER_NONNULL = YES;
				CLANG_CXX_LANGUAGE_STANDARD = "gnu++0x";
				CLANG_CXX_LIBRARY = "libc++";
				CLANG_ENABLE_MODULES = YES;
				CLANG_ENABLE_OBJC_ARC = YES;
				CLANG_WARN_BOOL_CONVERSION = YES;
				CLANG_WARN_CONSTANT_CONVERSION = YES;
				CLANG_WARN_DIRECT_OBJC_ISA_USAGE = YES_ERROR;
				CLANG_WARN_DOCUMENTATION_COMMENTS = YES;
				CLANG_WARN_EMPTY_BODY = YES;
				CLANG_WARN_ENUM_CONVERSION = YES;
				CLANG_WARN_INFINITE_RECURSION = YES;
				CLANG_WARN_INT_CONVERSION = YES;
				CLANG_WARN_OBJC_ROOT_CLASS = YES_ERROR;
				CLANG_WARN_SUSPICIOUS_MOVES = YES;
				CLANG_WARN_UNREACHABLE_CODE = YES;
				CLANG_WARN__DUPLICATE_METHOD_MATCH = YES;
				"CODE_SIGN_IDENTITY[sdk=iphoneos*]" = "iPhone Developer";
				COPY_PHASE_STRIP = NO;
				DEBUG_INFORMATION_FORMAT = "dwarf-with-dsym";
				ENABLE_NS_ASSERTIONS = NO;
				ENABLE_STRICT_OBJC_MSGSEND = YES;
				GCC_C_LANGUAGE_STANDARD = gnu99;
				GCC_NO_COMMON_BLOCKS = YES;
				GCC_WARN_64_TO_32_BIT_CONVERSION = YES;
				GCC_WARN_ABOUT_RETURN_TYPE = YES_ERROR;
				GCC_WARN_UNDECLARED_SELECTOR = YES;
				GCC_WARN_UNINITIALIZED_AUTOS = YES_AGGRESSIVE;
				GCC_WARN_UNUSED_FUNCTION = YES;
				GCC_WARN_UNUSED_VARIABLE = YES;
				IPHONEOS_DEPLOYMENT_TARGET = 10.0;
				MTL_ENABLE_DEBUG_INFO = NO;
				SDKROOT = iphoneos;
				SWIFT_OPTIMIZATION_LEVEL = "-Owholemodule";
				VALIDATE_PRODUCT = YES;
			};
			name = Release;
		};
		4BB3EBA71DC0A4610038D5EB /* Debug */ = {
			isa = XCBuildConfiguration;
			buildSettings = {
				ASSETCATALOG_COMPILER_APPICON_NAME = AppIcon;
				DEVELOPMENT_TEAM = WTE562C6VP;
				INFOPLIST_FILE = FirebaseDatabaseDemo/Info.plist;
				LD_RUNPATH_SEARCH_PATHS = "$(inherited) @executable_path/Frameworks";
				PRODUCT_BUNDLE_IDENTIFIER = com.Sgmedical.FirebaseDatabaseDemo;
				PRODUCT_NAME = "$(TARGET_NAME)";
				SWIFT_VERSION = 3.0;
			};
			name = Debug;
		};
		4BB3EBA81DC0A4610038D5EB /* Release */ = {
			isa = XCBuildConfiguration;
			buildSettings = {
				ASSETCATALOG_COMPILER_APPICON_NAME = AppIcon;
				DEVELOPMENT_TEAM = WTE562C6VP;
				INFOPLIST_FILE = FirebaseDatabaseDemo/Info.plist;
				LD_RUNPATH_SEARCH_PATHS = "$(inherited) @executable_path/Frameworks";
				PRODUCT_BUNDLE_IDENTIFIER = com.Sgmedical.FirebaseDatabaseDemo;
				PRODUCT_NAME = "$(TARGET_NAME)";
				SWIFT_VERSION = 3.0;
			};
			name = Release;
		};
/* End XCBuildConfiguration section */

/* Begin XCConfigurationList section */
		4BB3EB8F1DC0A4600038D5EB /* Build configuration list for PBXProject "FirebaseDatabaseDemo" */ = {
			isa = XCConfigurationList;
			buildConfigurations = (
				4BB3EBA41DC0A4610038D5EB /* Debug */,
				4BB3EBA51DC0A4610038D5EB /* Release */,
			);
			defaultConfigurationIsVisible = 0;
			defaultConfigurationName = Release;
		};
		4BB3EBA61DC0A4610038D5EB /* Build configuration list for PBXNativeTarget "FirebaseDatabaseDemo" */ = {
			isa = XCConfigurationList;
			buildConfigurations = (
				4BB3EBA71DC0A4610038D5EB /* Debug */,
				4BB3EBA81DC0A4610038D5EB /* Release */,
			);
			defaultConfigurationIsVisible = 0;
		};
/* End XCConfigurationList section */
	};
	rootObject = 4BB3EB8C1DC0A4600038D5EB /* Project object */;
}
